
Microsoft Visual Studio Solution File, Format Version 12.00
# Visual Studio 14
VisualStudioVersion = 14.0.25420.1
MinimumVisualStudioVersion = 10.0.40219.1
Project("{FAE04EC0-301F-11D3-BF4B-00C04F79EFBC}") = "EmployeeService", "EmployeeService\EmployeeService.csproj", "{94424421-DA8C-4788-A91B-2623CE1FC761}"
EndProject
Project("{FAE04EC0-301F-11D3-BF4B-00C04F79EFBC}") = "EmployeeDataAccess", "..\EmployeeDataAccess\EmployeeDataAccess.csproj", "{7EEAD03C-CE6E-444B-92D5-DD984490D7C8}"
EndProject
Global
	GlobalSection(SolutionConfigurationPlatforms) = preSolution
		Debug|Any CPU = Debug|Any CPU
		Release|Any CPU = Release|Any CPU
	EndGlobalSection
	GlobalSection(ProjectConfigurationPlatforms) = postSolution
		{94424421-DA8C-4788-A91B-2623CE1FC761}.Debug|Any CPU.ActiveCfg = Debug|Any CPU
		{94424421-DA8C-4788-A91B-2623CE1FC761}.Debug|Any CPU.Build.0 = Debug|Any CPU
		{94424421-DA8C-4788-A91B-2623CE1FC761}.Release|Any CPU.ActiveCfg = Release|Any CPU
		{94424421-DA8C-4788-A91B-2623CE1FC761}.Release|Any CPU.Build.0 = Release|Any CPU
		{7EEAD03C-CE6E-444B-92D5-DD984490D7C8}.Debug|Any CPU.ActiveCfg = Debug|Any CPU
		{7EEAD03C-CE6E-444B-92D5-DD984490D7C8}.Debug|Any CPU.Build.0 = Debug|Any CPU
		{7EEAD03C-CE6E-444B-92D5-DD984490D7C8}.Release|Any CPU.ActiveCfg = Release|Any CPU
		{7EEAD03C-CE6E-444B-92D5-DD984490D7C8}.Release|Any CPU.Build.0 = Release|Any CPU
	EndGlobalSection
	GlobalSection(SolutionProperties) = preSolution
		HideSolutionNode = FALSE
	EndGlobalSection
EndGlobal
